github.com/FZambia/sentinel v1.1.0 h1:qrCBfxc8SvJihYNjBWgwUI93ZCvFe/PJIPTHKmlp8a8=
github.com/FZambia/sentinel v1.1.0/go.mod h1:ytL1Am/RLlAoAXG6Kj5LNuw/TRRQrv2rt2FT26vP5gI=
github.com/bitly/go-hostpool v0.0.0-20171023180738-a3a6125de932/go.mod h1:NOuUCSz6Q9T7+igc/hlvDOUdtWKryOrtFyIVABv/p7k=
github.com/bmizerany/assert v0.0.0-20160611221934-b7ed37b82869/go.mod h1:Ekp36dRnpXw/yCqJaO+ZrUyxD+3VXMFFr56k5XYrpB4=
github.com/caarlos0/env v3.5.0+incompatible h1:Yy0UN8o9Wtr/jGHZDpCBLpNrzcFLLM2yixi/rBrKyJs=
github.com/caarlos0/env/v6 v6.4.0 h1:fUo2hQNR3O7Yb7E2sYy8cxY42BRvFxWa0G4XBMLJAQM=
github.com/caarlos0/env/v6 v6.4.0/go.mod h1:MX/8qQ2zCofGGkb7FxjmDLOOjUylO2b7dbsIpN30bnY=
github.com/davecgh/go-spew v1.1.0/go.mod h1:J7Y8YcW2NihsgmVo/mv3lAwl/skON4iLHjSsI+c5H38=
github.com/davecgh/go-spew v1.1.1/go.mod h1:J7Y8YcW2NihsgmVo/mv3lAwl/skON4iLHjSsI+c5H38=
github.com/gocql/gocql v0.0.0-20200324094621-6d895e38b0a5/go.mod h1:DL0ekTmBSTdlNF25Orwt/JMzqIq3EJ4MVa/J/uK64OY=
github.com/golang/snappy v0.0.0-20170215233205-553a64147049/go.mod h1:/XxbfmMg8lxefKM7IXC3fBNl/7bRcc72aCRzEWrmP2Q=
github.com/gomodule/redigo v2.0.0+incompatible h1:K/R+8tc58AaqLkqG2Ol3Qk+DR/TlNuhuh457pBFPtt0=
github.com/gomodule/redigo v2.0.0+incompatible/go.mod h1:B4C85qUVwatsJoIUNIfCRsp7qO0iAmpGFZ4EELWSbC4=
github.com/hailocab/go-hostpool v0.0.0-20160125115350-e80d13ce29ed/go.mod h1:tMWxXQ9wFIaZeTI9F+hmhFiGpFmhOHzyShyFUhRm0H4=
github.com/julienschmidt/httprouter v1.3.0 h1:U0609e9tgbseu3rBINet9P48AI/D3oJs4dN7jwJOQ1U=
github.com/julienschmidt/httprouter v1.3.0/go.mod h1:JR6WtHb+2LUe8TCKY3cZOxFyyO8IZAc4RVcycCCAKdM=
github.com/kr/pretty v0.1.0/go.mod h1:dAy3ld7l9f0ibDNOQOHHMYYIIbhfbHSm3C4ZsoJORNo=
github.com/kr/pty v1.1.1/go.mod h1:pFQYn66WHrOpPYNljwOMqo10TkYh1fy3cYio2l3bCsQ=
github.com/kr/text v0.1.0/go.mod h1:4Jbv+DJW3UT/LiOwJeYQe1efqtUx/iVham/4vfdArNI=
github.com/madflojo/hord v0.1.0 h1:YM4xSr2l5PemaCh6Qarmf260/2kjS7PG/Gk3Gpd7cUA=
github.com/madflojo/hord v0.1.0/go.mod h1:0N5yVVu98FWs8piTXuCq+zGtTe6Laz1otClp7jb+5IY=
github.com/madflojo/testcerts v1.0.0 h1:HVGTxnmWUkvkb3dxzLv71D36vRVzoPawbjQFe9p6x1o=
github.com/madflojo/testcerts v1.0.0/go.mod h1:kWP1+saeI8jkFyLFBOqqop0dTDUb5Xg6pEYU0d+6f6s=
github.com/pmezard/go-difflib v1.0.0/go.mod h1:iKH77koFhYxTK1pcRnkKkqfTogsbg7gZNVY4sRDYZ/4=
github.com/sirupsen/logrus v1.7.0 h1:ShrD1U9pZB12TX0cVy0DtePoCH97K8EtX+mg7ZARUtM=
github.com/sirupsen/logrus v1.7.0/go.mod h1:yWOB1SBYBC5VeMP7gHvWumXLIWorT60ONWic61uBYv0=
github.com/stretchr/objx v0.1.0/go.mod h1:HFkY916IF+rwdDfMAkV7OtwuqBVzrE8GR6GFx+wExME=
github.com/stretchr/testify v1.2.2/go.mod h1:a8OnRcib4nhh0OaRAV+Yts87kKdq0PP7pXfy6kDkUVs=
github.com/stretchr/testify v1.3.0/go.mod h1:M5WIy9Dh21IEIfnGCwXGc5bZfKNJtfHm1UVUgZn+9EI=
github.com/stretchr/testify v1.6.1/go.mod h1:6Fq8oRcR53rry900zMqJjRRixrwX3KX962/h/Wwjteg=
golang.org/x/sys v0.0.0-20191026070338-33540a1f6037 h1:YyJpGZS1sBuBCzLAR1VEpK193GlqGZbnPFnPV/5Rsb4=
golang.org/x/sys v0.0.0-20191026070338-33540a1f6037/go.mod h1:h1NjWce9XRLGQEsW7wpKNCjG9DtNlClVuFLEZdDNbEs=
gopkg.in/check.v1 v0.0.0-20161208181325-20d25e280405/go.mod h1:Co6ibVJAznAaIkqp8huTwlJQCZ016jof/cbN4VW5Yz0=
gopkg.in/inf.v0 v0.9.1/go.mod h1:cWUDdTG/fYaXco+Dcufb5Vnc6Gp2YChqWtbxRZE0mXw=
gopkg.in/yaml.v3 v3.0.0-20200313102051-9f266ea9e77c/go.mod h1:K4uyk7z7BCEPqu6E+C64Yfv1cQ7kz7rIZviUmN+EgEM=
